PODS:
  - Alamofire (5.4.3)
  - JGProgressHUD (2.2)
  - Kingfisher (6.3.0)
  - MotionToastView (0.1.10)
  - Moya (14.0.0):
    - Moya/Core (= 14.0.0)
  - Moya/Core (14.0.0):
    - Alamofire (~> 5.0)

DEPENDENCIES:
  - JGProgressHUD
  - Kingfisher
  - MotionToastView
  - Moya

SPEC REPOS:
  trunk:
    - Alamofire
    - JGProgressHUD
    - Kingfisher
    - MotionToastView
    - Moya

SPEC CHECKSUMS:
  Alamofire: e447a2774a40c996748296fa2c55112fdbbc42f9
  JGProgressHUD: d83d7a981b85d11205e19ff8ad5bb9c40571c847
  Kingfisher: 6c3df386db71d82c0817a429d2c9421a77396529
  MotionToastView: e6e03c88141c2da252cce3f5c4512e76281b4754
  Moya: 5b45dacb75adb009f97fde91c204c1e565d31916

PODFILE CHECKSUM: 6b655c8b1905c1fff46c39f4d2ccaf04c05de546

COCOAPODS: 1.10.1
